{
  "pins" : [
    {
      "identity" : "path.swift",
      "kind" : "remoteSourceControl",
      "location" : "https://github.com/mxcl/Path.swift.git",
      "state" : {
        "revision" : "9c6f807b0a76be0e27aecc908bc6f173400d839e",
        "version" : "1.4.0"
      }
    },
    {
      "identity" : "puppy",
      "kind" : "remoteSourceControl",
      "location" : "https://github.com/sushichop/Puppy",
      "state" : {
        "revision" : "7cfae42becac2d8916cb1a866dd12d9843199df9",
        "version" : "0.5.0"
      }
    },
    {
      "identity" : "swift-argument-parser",
      "kind" : "remoteSourceControl",
      "location" : "https://github.com/apple/swift-argument-parser",
      "state" : {
        "revision" : "f3c9084a71ef4376f2fabbdf1d3d90a49f1fabdb",
        "version" : "1.1.2"
      }
    },
    {
      "identity" : "swift-collections",
      "kind" : "remoteSourceControl",
      "location" : "https://github.com/apple/swift-collections.git",
      "state" : {
        "revision" : "48254824bb4248676bf7ce56014ff57b142b77eb",
        "version" : "1.0.2"
      }
    },
    {
      "identity" : "swift-log",
      "kind" : "remoteSourceControl",
      "location" : "https://github.com/apple/swift-log.git",
      "state" : {
        "revision" : "5d66f7ba25daf4f94100e7022febf3c75e37a6c7",
        "version" : "1.4.2"
      }
    },
    {
      "identity" : "swift-system",
      "kind" : "remoteSourceControl",
      "location" : "https://github.com/apple/swift-system.git",
      "state" : {
        "revision" : "836bc4557b74fe6d2660218d56e3ce96aff76574",
        "version" : "1.1.1"
      }
    },
    {
      "identity" : "swift-tools-support-core",
      "kind" : "remoteSourceControl",
      "location" : "https://github.com/apple/swift-tools-support-core.git",
      "state" : {
        "revision" : "b7667f3e266af621e5cc9c77e74cacd8e8c00cb4",
        "version" : "0.2.5"
      }
    }
  ],
  "version" : 2
}
